// !$*UTF8*$!
{
	archiveVersion = 1;
	classes = {
	};
	objectVersion = 51;
	objects = {

/* Begin PBXBuildFile section */
		011EEF982488BF6A00B64B91 /* AppDelegate.swift in Sources */ = {isa = PBXBuildFile; fileRef = 011EEF972488BF6A00B64B91 /* AppDelegate.swift */; };
		011EEF9A2488BF6A00B64B91 /* SceneDelegate.swift in Sources */ = {isa = PBXBuildFile; fileRef = 011EEF992488BF6A00B64B91 /* SceneDelegate.swift */; };
		011EEF9C2488BF6A00B64B91 /* ViewController.swift in Sources */ = {isa = PBXBuildFile; fileRef = 011EEF9B2488BF6A00B64B91 /* ViewController.swift */; };
		011EEF9F2488BF6A00B64B91 /* Main.storyboard in Resources */ = {isa = PBXBuildFile; fileRef = 011EEF9D2488BF6A00B64B91 /* Main.storyboard */; };
		011EEFA12488BF6C00B64B91 /* Assets.xcassets in Resources */ = {isa = PBXBuildFile; fileRef = 011EEFA02488BF6C00B64B91 /* Assets.xcassets */; };
		011EEFA42488BF6C00B64B91 /* LaunchScreen.storyboard in Resources */ = {isa = PBXBuildFile; fileRef = 011EEFA22488BF6C00B64B91 /* LaunchScreen.storyboard */; };
		01635E072488C4D900E460FE /* ViewModel.swift in Sources */ = {isa = PBXBuildFile; fileRef = 01635E062488C4D900E460FE /* ViewModel.swift */; };
		0166DE342488C67D00C269CE /* Localizable.strings in Resources */ = {isa = PBXBuildFile; fileRef = 0166DE332488C67D00C269CE /* Localizable.strings */; };
		0166DE402488D24700C269CE /* MKPolygon+Circle.swift in Sources */ = {isa = PBXBuildFile; fileRef = 0166DE3F2488D24700C269CE /* MKPolygon+Circle.swift */; };
		0166DE5524891AA900C269CE /* ViewModelTests.swift in Sources */ = {isa = PBXBuildFile; fileRef = 0166DE5424891AA900C269CE /* ViewModelTests.swift */; };
		E61D7739C1AC8DE6617A3209 /* Pods_Geofence.framework in Frameworks */ = {isa = PBXBuildFile; fileRef = B37125ED11127FD2804D69C5 /* Pods_Geofence.framework */; };
		EC53ED9584E36394C5CB6985 /* Pods_GeofenceTests.framework in Frameworks */ = {isa = PBXBuildFile; fileRef = 69FE2F88A893C0A20A9E1588 /* Pods_GeofenceTests.framework */; };
/* End PBXBuildFile section */

/* Begin PBXContainerItemProxy section */
		0166DE4F24891A7500C269CE /* PBXContainerItemProxy */ = {
			isa = PBXContainerItemProxy;
			containerPortal = 011EEF8C2488BF6900B64B91 /* Project object */;
			proxyType = 1;
			remoteGlobalIDString = 011EEF932488BF6A00B64B91;
			remoteInfo = Geofence;
		};
/* End PBXContainerItemProxy section */

/* Begin PBXFileReference section */
		011EEF942488BF6A00B64B91 /* Geofence.app */ = {isa = PBXFileReference; explicitFileType = wrapper.application; includeInIndex = 0; path = Geofence.app; sourceTree = BUILT_PRODUCTS_DIR; };
		011EEF972488BF6A00B64B91 /* AppDelegate.swift */ = {isa = PBXFileReference; lastKnownFileType = sourcecode.swift; path = AppDelegate.swift; sourceTree = "<group>"; };
		011EEF992488BF6A00B64B91 /* SceneDelegate.swift */ = {isa = PBXFileReference; lastKnownFileType = sourcecode.swift; path = SceneDelegate.swift; sourceTree = "<group>"; };
		011EEF9B2488BF6A00B64B91 /* ViewController.swift */ = {isa = PBXFileReference; lastKnownFileType = sourcecode.swift; path = ViewController.swift; sourceTree = "<group>"; };
		011EEF9E2488BF6A00B64B91 /* Base */ = {isa = PBXFileReference; lastKnownFileType = file.storyboard; name = Base; path = Base.lproj/Main.storyboard; sourceTree = "<group>"; };
		011EEFA02488BF6C00B64B91 /* Assets.xcassets */ = {isa = PBXFileReference; lastKnownFileType = folder.assetcatalog; path = Assets.xcassets; sourceTree = "<group>"; };
		011EEFA32488BF6C00B64B91 /* Base */ = {isa = PBXFileReference; lastKnownFileType = file.storyboard; name = Base; path = Base.lproj/LaunchScreen.storyboard; sourceTree = "<group>"; };
		011EEFA52488BF6C00B64B91 /* Info.plist */ = {isa = PBXFileReference; lastKnownFileType = text.plist.xml; path = Info.plist; sourceTree = "<group>"; };
		01635E062488C4D900E460FE /* ViewModel.swift */ = {isa = PBXFileReference; lastKnownFileType = sourcecode.swift; path = ViewModel.swift; sourceTree = "<group>"; };
		0166DE332488C67D00C269CE /* Localizable.strings */ = {isa = PBXFileReference; lastKnownFileType = text.plist.strings; path = Localizable.strings; sourceTree = "<group>"; };
		0166DE3F2488D24700C269CE /* MKPolygon+Circle.swift */ = {isa = PBXFileReference; lastKnownFileType = sourcecode.swift; path = "MKPolygon+Circle.swift"; sourceTree = "<group>"; };
		0166DE4A24891A7500C269CE /* GeofenceTests.xctest */ = {isa = PBXFileReference; explicitFileType = wrapper.cfbundle; includeInIndex = 0; path = GeofenceTests.xctest; sourceTree = BUILT_PRODUCTS_DIR; };
		0166DE4E24891A7500C269CE /* Info.plist */ = {isa = PBXFileReference; lastKnownFileType = text.plist.xml; path = Info.plist; sourceTree = "<group>"; };
		0166DE5424891AA900C269CE /* ViewModelTests.swift */ = {isa = PBXFileReference; lastKnownFileType = sourcecode.swift; path = ViewModelTests.swift; sourceTree = "<group>"; };
		38A7B19753CA376367C797AF /* Pods-GeofenceTests.debug.xcconfig */ = {isa = PBXFileReference; includeInIndex = 1; lastKnownFileType = text.xcconfig; name = "Pods-GeofenceTests.debug.xcconfig"; path = "Target Support Files/Pods-GeofenceTests/Pods-GeofenceTests.debug.xcconfig"; sourceTree = "<group>"; };
		69FE2F88A893C0A20A9E1588 /* Pods_GeofenceTests.framework */ = {isa = PBXFileReference; explicitFileType = wrapper.framework; includeInIndex = 0; path = Pods_GeofenceTests.framework; sourceTree = BUILT_PRODUCTS_DIR; };
		8B4F9515E214932165542C8E /* Pods-Geofence.debug.xcconfig */ = {isa = PBXFileReference; includeInIndex = 1; lastKnownFileType = text.xcconfig; name = "Pods-Geofence.debug.xcconfig"; path = "Target Support Files/Pods-Geofence/Pods-Geofence.debug.xcconfig"; sourceTree = "<group>"; };
		B37125ED11127FD2804D69C5 /* Pods_Geofence.framework */ = {isa = PBXFileReference; explicitFileType = wrapper.framework; includeInIndex = 0; path = Pods_Geofence.framework; sourceTree = BUILT_PRODUCTS_DIR; };
		C14876B6BEF20D55B145C590 /* Pods-Geofence.release.xcconfig */ = {isa = PBXFileReference; includeInIndex = 1; lastKnownFileType = text.xcconfig; name = "Pods-Geofence.release.xcconfig"; path = "Target Support Files/Pods-Geofence/Pods-Geofence.release.xcconfig"; sourceTree = "<group>"; };
		FF9164E7B4CDAAB5D2A32491 /* Pods-GeofenceTests.release.xcconfig */ = {isa = PBXFileReference; includeInIndex = 1; lastKnownFileType = text.xcconfig; name = "Pods-GeofenceTests.release.xcconfig"; path = "Target Support Files/Pods-GeofenceTests/Pods-GeofenceTests.release.xcconfig"; sourceTree = "<group>"; };
/* End PBXFileReference section */

/* Begin PBXFrameworksBuildPhase section */
		011EEF912488BF6A00B64B91 /* Frameworks */ = {
			isa = PBXFrameworksBuildPhase;
			buildActionMask = 2147483647;
			files = (
				E61D7739C1AC8DE6617A3209 /* Pods_Geofence.framework in Frameworks */,
			);
			runOnlyForDeploymentPostprocessing = 0;
		};
		0166DE4724891A7500C269CE /* Frameworks */ = {
			isa = PBXFrameworksBuildPhase;
			buildActionMask = 2147483647;
			files = (
				EC53ED9584E36394C5CB6985 /* Pods_GeofenceTests.framework in Frameworks */,
			);
			runOnlyForDeploymentPostprocessing = 0;
		};
/* End PBXFrameworksBuildPhase section */

/* Begin PBXGroup section */
		011EEF8B2488BF6900B64B91 = {
			isa = PBXGroup;
			children = (
				011EEF962488BF6A00B64B91 /* Geofence */,
				0166DE4B24891A7500C269CE /* GeofenceTests */,
				011EEF952488BF6A00B64B91 /* Products */,
				173E6992D87327F7116709EF /* Pods */,
				131D266B8C2F6B5B319D86D5 /* Frameworks */,
			);
			sourceTree = "<group>";
		};
		011EEF952488BF6A00B64B91 /* Products */ = {
			isa = PBXGroup;
			children = (
				011EEF942488BF6A00B64B91 /* Geofence.app */,
				0166DE4A24891A7500C269CE /* GeofenceTests.xctest */,
			);
			name = Products;
			sourceTree = "<group>";
		};
		011EEF962488BF6A00B64B91 /* Geofence */ = {
			isa = PBXGroup;
			children = (
				0166DE3A2488CCCB00C269CE /* Polygon */,
				01635E052488C4CB00E460FE /* Main */,
				011EEF972488BF6A00B64B91 /* AppDelegate.swift */,
				011EEF992488BF6A00B64B91 /* SceneDelegate.swift */,
				011EEF9D2488BF6A00B64B91 /* Main.storyboard */,
				011EEFA02488BF6C00B64B91 /* Assets.xcassets */,
				011EEFA22488BF6C00B64B91 /* LaunchScreen.storyboard */,
				011EEFA52488BF6C00B64B91 /* Info.plist */,
				0166DE332488C67D00C269CE /* Localizable.strings */,
			);
			path = Geofence;
			sourceTree = "<group>";
		};
		01635E052488C4CB00E460FE /* Main */ = {
			isa = PBXGroup;
			children = (
				011EEF9B2488BF6A00B64B91 /* ViewController.swift */,
				01635E062488C4D900E460FE /* ViewModel.swift */,
			);
			path = Main;
			sourceTree = "<group>";
		};
		0166DE3A2488CCCB00C269CE /* Polygon */ = {
			isa = PBXGroup;
			children = (
				0166DE3F2488D24700C269CE /* MKPolygon+Circle.swift */,
			);
			path = Polygon;
			sourceTree = "<group>";
		};
		0166DE4B24891A7500C269CE /* GeofenceTests */ = {
			isa = PBXGroup;
			children = (
				0166DE5424891AA900C269CE /* ViewModelTests.swift */,
				0166DE4E24891A7500C269CE /* Info.plist */,
			);
			path = GeofenceTests;
			sourceTree = "<group>";
		};
		131D266B8C2F6B5B319D86D5 /* Frameworks */ = {
			isa = PBXGroup;
			children = (
				B37125ED11127FD2804D69C5 /* Pods_Geofence.framework */,
				69FE2F88A893C0A20A9E1588 /* Pods_GeofenceTests.framework */,
			);
			name = Frameworks;
			sourceTree = "<group>";
		};
		173E6992D87327F7116709EF /* Pods */ = {
			isa = PBXGroup;
			children = (
				8B4F9515E214932165542C8E /* Pods-Geofence.debug.xcconfig */,
				C14876B6BEF20D55B145C590 /* Pods-Geofence.release.xcconfig */,
				38A7B19753CA376367C797AF /* Pods-GeofenceTests.debug.xcconfig */,
				FF9164E7B4CDAAB5D2A32491 /* Pods-GeofenceTests.release.xcconfig */,
			);
			path = Pods;
			sourceTree = "<group>";
		};
/* End PBXGroup section */

/* Begin PBXNativeTarget section */
		011EEF932488BF6A00B64B91 /* Geofence */ = {
			isa = PBXNativeTarget;
			buildConfigurationList = 011EEFA82488BF6C00B64B91 /* Build configuration list for PBXNativeTarget "Geofence" */;
			buildPhases = (
				2E7551D5C8D4DB4939297270 /* [CP] Check Pods Manifest.lock */,
				011EEF902488BF6A00B64B91 /* Sources */,
				011EEF912488BF6A00B64B91 /* Frameworks */,
				011EEF922488BF6A00B64B91 /* Resources */,
				AB5007E75859FD8EB3121BF4 /* [CP] Embed Pods Frameworks */,
			);
			buildRules = (
			);
			dependencies = (
			);
			name = Geofence;
			productName = Geofence;
			productReference = 011EEF942488BF6A00B64B91 /* Geofence.app */;
			productType = "com.apple.product-type.application";
		};
		0166DE4924891A7500C269CE /* GeofenceTests */ = {
			isa = PBXNativeTarget;
			buildConfigurationList = 0166DE5324891A7500C269CE /* Build configuration list for PBXNativeTarget "GeofenceTests" */;
			buildPhases = (
				B3BD3390B764A21FEAAE4085 /* [CP] Check Pods Manifest.lock */,
				0166DE4624891A7500C269CE /* Sources */,
				0166DE4724891A7500C269CE /* Frameworks */,
				0166DE4824891A7500C269CE /* Resources */,
				A771495E56E921F6C7CCA567 /* [CP] Embed Pods Frameworks */,
			);
			buildRules = (
			);
			dependencies = (
				0166DE5024891A7500C269CE /* PBXTargetDependency */,
			);
			name = GeofenceTests;
			productName = GeofenceTests;
			productReference = 0166DE4A24891A7500C269CE /* GeofenceTests.xctest */;
			productType = "com.apple.product-type.bundle.unit-test";
		};
/* End PBXNativeTarget section */

/* Begin PBXProject section */
		011EEF8C2488BF6900B64B91 /* Project object */ = {
			isa = PBXProject;
			attributes = {
				LastSwiftUpdateCheck = 1130;
				LastUpgradeCheck = 1130;
				ORGANIZATIONNAME = "Tan Way Loon";
				TargetAttributes = {
					011EEF932488BF6A00B64B91 = {
						CreatedOnToolsVersion = 11.3.1;
					};
					0166DE4924891A7500C269CE = {
						CreatedOnToolsVersion = 11.3.1;
						TestTargetID = 011EEF932488BF6A00B64B91;
					};
				};
			};
			buildConfigurationList = 011EEF8F2488BF6900B64B91 /* Build configuration list for PBXProject "Geofence" */;
			compatibilityVersion = "Xcode 9.3";
			developmentRegion = en;
			hasScannedForEncodings = 0;
			knownRegions = (
				en,
				Base,
			);
			mainGroup = 011EEF8B2488BF6900B64B91;
			productRefGroup = 011EEF952488BF6A00B64B91 /* Products */;
			projectDirPath = "";
			projectRoot = "";
			targets = (
				011EEF932488BF6A00B64B91 /* Geofence */,
				0166DE4924891A7500C269CE /* GeofenceTests */,
			);
		};
/* End PBXProject section */

/* Begin PBXResourcesBuildPhase section */
		011EEF922488BF6A00B64B91 /* Resources */ = {
			isa = PBXResourcesBuildPhase;
			buildActionMask = 2147483647;
			files = (
				011EEFA42488BF6C00B64B91 /* LaunchScreen.storyboard in Resources */,
				0166DE342488C67D00C269CE /* Localizable.strings in Resources */,
				011EEFA12488BF6C00B64B91 /* Assets.xcassets in Resources */,
				011EEF9F2488BF6A00B64B91 /* Main.storyboard in Resources */,
			);
			runOnlyForDeploymentPostprocessing = 0;
		};
		0166DE4824891A7500C269CE /* Resources */ = {
			isa = PBXResourcesBuildPhase;
			buildActionMask = 2147483647;
			files = (
			);
			runOnlyForDeploymentPostprocessing = 0;
		};
/* End PBXResourcesBuildPhase section */

/* Begin PBXShellScriptBuildPhase section */
		2E7551D5C8D4DB4939297270 /* [CP] Check Pods Manifest.lock */ = {
			isa = PBXShellScriptBuildPhase;
			buildActionMask = 2147483647;
			files = (
			);
			inputFileListPaths = (
			);
			inputPaths = (
				"${PODS_PODFILE_DIR_PATH}/Podfile.lock",
				"${PODS_ROOT}/Manifest.lock",
			);
			name = "[CP] Check Pods Manifest.lock";
			outputFileListPaths = (
			);
			outputPaths = (
				"$(DERIVED_FILE_DIR)/Pods-Geofence-checkManifestLockResult.txt",
			);
			runOnlyForDeploymentPostprocessing = 0;
			shellPath = /bin/sh;
			shellScript = "diff \"${PODS_PODFILE_DIR_PATH}/Podfile.lock\" \"${PODS_ROOT}/Manifest.lock\" > /dev/null\nif [ $? != 0 ] ; then\n    # print error to STDERR\n    echo \"error: The sandbox is not in sync with the Podfile.lock. Run 'pod install' or update your CocoaPods installation.\" >&2\n    exit 1\nfi\n# This output is used by Xcode 'outputs' to avoid re-running this script phase.\necho \"SUCCESS\" > \"${SCRIPT_OUTPUT_FILE_0}\"\n";
			showEnvVarsInLog = 0;
		};
		A771495E56E921F6C7CCA567 /* [CP] Embed Pods Frameworks */ = {
			isa = PBXShellScriptBuildPhase;
			buildActionMask = 2147483647;
			files = (
			);
			inputFileListPaths = (
				"${PODS_ROOT}/Target Support Files/Pods-GeofenceTests/Pods-GeofenceTests-frameworks-${CONFIGURATION}-input-files.xcfilelist",
			);
			name = "[CP] Embed Pods Frameworks";
			outputFileListPaths = (
				"${PODS_ROOT}/Target Support Files/Pods-GeofenceTests/Pods-GeofenceTests-frameworks-${CONFIGURATION}-output-files.xcfilelist",
			);
			runOnlyForDeploymentPostprocessing = 0;
			shellPath = /bin/sh;
			shellScript = "\"${PODS_ROOT}/Target Support Files/Pods-GeofenceTests/Pods-GeofenceTests-frameworks.sh\"\n";
			showEnvVarsInLog = 0;
		};
		AB5007E75859FD8EB3121BF4 /* [CP] Embed Pods Frameworks */ = {
			isa = PBXShellScriptBuildPhase;
			buildActionMask = 2147483647;
			files = (
			);
			inputFileListPaths = (
				"${PODS_ROOT}/Target Support Files/Pods-Geofence/Pods-Geofence-frameworks-${CONFIGURATION}-input-files.xcfilelist",
			);
			name = "[CP] Embed Pods Frameworks";
			outputFileListPaths = (
				"${PODS_ROOT}/Target Support Files/Pods-Geofence/Pods-Geofence-frameworks-${CONFIGURATION}-output-files.xcfilelist",
			);
			runOnlyForDeploymentPostprocessing = 0;
			shellPath = /bin/sh;
			shellScript = "\"${PODS_ROOT}/Target Support Files/Pods-Geofence/Pods-Geofence-frameworks.sh\"\n";
			showEnvVarsInLog = 0;
		};
		B3BD3390B764A21FEAAE4085 /* [CP] Check Pods Manifest.lock */ = {
			isa = PBXShellScriptBuildPhase;
			buildActionMask = 2147483647;
			files = (
			);
			inputFileListPaths = (
			);
			inputPaths = (
				"${PODS_PODFILE_DIR_PATH}/Podfile.lock",
				"${PODS_ROOT}/Manifest.lock",
			);
			name = "[CP] Check Pods Manifest.lock";
			outputFileListPaths = (
			);
			outputPaths = (
				"$(DERIVED_FILE_DIR)/Pods-GeofenceTests-checkManifestLockResult.txt",
			);
			runOnlyForDeploymentPostprocessing = 0;
			shellPath = /bin/sh;
			shellScript = "diff \"${PODS_PODFILE_DIR_PATH}/Podfile.lock\" \"${PODS_ROOT}/Manifest.lock\" > /dev/null\nif [ $? != 0 ] ; then\n    # print error to STDERR\n    echo \"error: The sandbox is not in sync with the Podfile.lock. Run 'pod install' or update your CocoaPods installation.\" >&2\n    exit 1\nfi\n# This output is used by Xcode 'outputs' to avoid re-running this script phase.\necho \"SUCCESS\" > \"${SCRIPT_OUTPUT_FILE_0}\"\n";
			showEnvVarsInLog = 0;
		};
/* End PBXShellScriptBuildPhase section */

/* Begin PBXSourcesBuildPhase section */
		011EEF902488BF6A00B64B91 /* Sources */ = {
			isa = PBXSourcesBuildPhase;
			buildActionMask = 2147483647;
			files = (
				011EEF9C2488BF6A00B64B91 /* ViewController.swift in Sources */,
				011EEF982488BF6A00B64B91 /* AppDelegate.swift in Sources */,
				01635E072488C4D900E460FE /* ViewModel.swift in Sources */,
				0166DE402488D24700C269CE /* MKPolygon+Circle.swift in Sources */,
				011EEF9A2488BF6A00B64B91 /* SceneDelegate.swift in Sources */,
			);
			runOnlyForDeploymentPostprocessing = 0;
		};
		0166DE4624891A7500C269CE /* Sources */ = {
			isa = PBXSourcesBuildPhase;
			buildActionMask = 2147483647;
			files = (
				0166DE5524891AA900C269CE /* ViewModelTests.swift in Sources */,
			);
			runOnlyForDeploymentPostprocessing = 0;
		};
/* End PBXSourcesBuildPhase section */

/* Begin PBXTargetDependency section */
		0166DE5024891A7500C269CE /* PBXTargetDependency */ = {
			isa = PBXTargetDependency;
			target = 011EEF932488BF6A00B64B91 /* Geofence */;
			targetProxy = 0166DE4F24891A7500C269CE /* PBXContainerItemProxy */;
		};
/* End PBXTargetDependency section */

/* Begin PBXVariantGroup section */
		011EEF9D2488BF6A00B64B91 /* Main.storyboard */ = {
			isa = PBXVariantGroup;
			children = (
				011EEF9E2488BF6A00B64B91 /* Base */,
			);
			name = Main.storyboard;
			sourceTree = "<group>";
		};
		011EEFA22488BF6C00B64B91 /* LaunchScreen.storyboard */ = {
			isa = PBXVariantGroup;
			children = (
				011EEFA32488BF6C00B64B91 /* Base */,
			);
			name = LaunchScreen.storyboard;
			sourceTree = "<group>";
		};
/* End PBXVariantGroup section */

/* Begin XCBuildConfiguration section */
		011EEFA62488BF6C00B64B91 /* Debug */ = {
			isa = XCBuildConfiguration;
			buildSettings = {
				ALWAYS_SEARCH_USER_PATHS = NO;
				CLANG_ANALYZER_NONNULL = YES;
				CLANG_ANALYZER_NUMBER_OBJECT_CONVERSION = YES_AGGRESSIVE;
				CLANG_CXX_LANGUAGE_STANDARD = "gnu++14";
				CLANG_CXX_LIBRARY = "libc++";
				CLANG_ENABLE_MODULES = YES;
				CLANG_ENABLE_OBJC_ARC = YES;
				CLANG_ENABLE_OBJC_WEAK = YES;
				CLANG_WARN_BLOCK_CAPTURE_AUTORELEASING = YES;
				CLANG_WARN_BOOL_CONVERSION = YES;
				CLANG_WARN_COMMA = YES;
				CLANG_WARN_CONSTANT_CONVERSION = YES;
				CLANG_WARN_DEPRECATED_OBJC_IMPLEMENTATIONS = YES;
				CLANG_WARN_DIRECT_OBJC_ISA_USAGE = YES_ERROR;
				CLANG_WARN_DOCUMENTATION_COMMENTS = YES;
				CLANG_WARN_EMPTY_BODY = YES;
				CLANG_WARN_ENUM_CONVERSION = YES;
				CLANG_WARN_INFINITE_RECURSION = YES;
				CLANG_WARN_INT_CONVERSION = YES;
				CLANG_WARN_NON_LITERAL_NULL_CONVERSION = YES;
				CLANG_WARN_OBJC_IMPLICIT_RETAIN_SELF = YES;
				CLANG_WARN_OBJC_LITERAL_CONVERSION = YES;
				CLANG_WARN_OBJC_ROOT_CLASS = YES_ERROR;
				CLANG_WARN_RANGE_LOOP_ANALYSIS = YES;
				CLANG_WARN_STRICT_PROTOTYPES = YES;
				CLANG_WARN_SUSPICIOUS_MOVE = YES;
				CLANG_WARN_UNGUARDED_AVAILABILITY = YES_AGGRESSIVE;
				CLANG_WARN_UNREACHABLE_CODE = YES;
				CLANG_WARN__DUPLICATE_METHOD_MATCH = YES;
				COPY_PHASE_STRIP = NO;
				DEBUG_INFORMATION_FORMAT = dwarf;
				ENABLE_STRICT_OBJC_MSGSEND = YES;
				ENABLE_TESTABILITY = YES;
				GCC_C_LANGUAGE_STANDARD = gnu11;
				GCC_DYNAMIC_NO_PIC = NO;
				GCC_NO_COMMON_BLOCKS = YES;
				GCC_OPTIMIZATION_LEVEL = 0;
				GCC_PREPROCESSOR_DEFINITIONS = (
					"DEBUG=1",
					"$(inherited)",
				);
				GCC_WARN_64_TO_32_BIT_CONVERSION = YES;
				GCC_WARN_ABOUT_RETURN_TYPE = YES_ERROR;
				GCC_WARN_UNDECLARED_SELECTOR = YES;
				GCC_WARN_UNINITIALIZED_AUTOS = YES_AGGRESSIVE;
				GCC_WARN_UNUSED_FUNCTION = YES;
				GCC_WARN_UNUSED_VARIABLE = YES;
				IPHONEOS_DEPLOYMENT_TARGET = 13.2;
				MTL_ENABLE_DEBUG_INFO = INCLUDE_SOURCE;
				MTL_FAST_MATH = YES;
				ONLY_ACTIVE_ARCH = YES;
				SDKROOT = iphoneos;
				SWIFT_ACTIVE_COMPILATION_CONDITIONS = DEBUG;
				SWIFT_OPTIMIZATION_LEVEL = "-Onone";
			};
			name = Debug;
		};
		011EEFA72488BF6C00B64B91 /* Release */ = {
			isa = XCBuildConfiguration;
			buildSettings = {
				ALWAYS_SEARCH_USER_PATHS = NO;
				CLANG_ANALYZER_NONNULL = YES;
				CLANG_ANALYZER_NUMBER_OBJECT_CONVERSION = YES_AGGRESSIVE;
				CLANG_CXX_LANGUAGE_STANDARD = "gnu++14";
				CLANG_CXX_LIBRARY = "libc++";
				CLANG_ENABLE_MODULES = YES;
				CLANG_ENABLE_OBJC_ARC = YES;
				CLANG_ENABLE_OBJC_WEAK = YES;
				CLANG_WARN_BLOCK_CAPTURE_AUTORELEASING = YES;
				CLANG_WARN_BOOL_CONVERSION = YES;
				CLANG_WARN_COMMA = YES;
				CLANG_WARN_CONSTANT_CONVERSION = YES;
				CLANG_WARN_DEPRECATED_OBJC_IMPLEMENTATIONS = YES;
				CLANG_WARN_DIRECT_OBJC_ISA_USAGE = YES_ERROR;
				CLANG_WARN_DOCUMENTATION_COMMENTS = YES;
				CLANG_WARN_EMPTY_BODY = YES;
				CLANG_WARN_ENUM_CONVERSION = YES;
				CLANG_WARN_INFINITE_RECURSION = YES;
				CLANG_WARN_INT_CONVERSION = YES;
				CLANG_WARN_NON_LITERAL_NULL_CONVERSION = YES;
				CLANG_WARN_OBJC_IMPLICIT_RETAIN_SELF = YES;
				CLANG_WARN_OBJC_LITERAL_CONVERSION = YES;
				CLANG_WARN_OBJC_ROOT_CLASS = YES_ERROR;
				CLANG_WARN_RANGE_LOOP_ANALYSIS = YES;
				CLANG_WARN_STRICT_PROTOTYPES = YES;
				CLANG_WARN_SUSPICIOUS_MOVE = YES;
				CLANG_WARN_UNGUARDED_AVAILABILITY = YES_AGGRESSIVE;
				CLANG_WARN_UNREACHABLE_CODE = YES;
				CLANG_WARN__DUPLICATE_METHOD_MATCH = YES;
				COPY_PHASE_STRIP = NO;
				DEBUG_INFORMATION_FORMAT = "dwarf-with-dsym";
				ENABLE_NS_ASSERTIONS = NO;
				ENABLE_STRICT_OBJC_MSGSEND = YES;
				GCC_C_LANGUAGE_STANDARD = gnu11;
				GCC_NO_COMMON_BLOCKS = YES;
				GCC_WARN_64_TO_32_BIT_CONVERSION = YES;
				GCC_WARN_ABOUT_RETURN_TYPE = YES_ERROR;
				GCC_WARN_UNDECLARED_SELECTOR = YES;
				GCC_WARN_UNINITIALIZED_AUTOS = YES_AGGRESSIVE;
				GCC_WARN_UNUSED_FUNCTION = YES;
				GCC_WARN_UNUSED_VARIABLE = YES;
				IPHONEOS_DEPLOYMENT_TARGET = 13.2;
				MTL_ENABLE_DEBUG_INFO = NO;
				MTL_FAST_MATH = YES;
				SDKROOT = iphoneos;
				SWIFT_COMPILATION_MODE = wholemodule;
				SWIFT_OPTIMIZATION_LEVEL = "-O";
				VALIDATE_PRODUCT = YES;
			};
			name = Release;
		};
		011EEFA92488BF6C00B64B91 /* Debug */ = {
			isa = XCBuildConfiguration;
			baseConfigurationReference = 8B4F9515E214932165542C8E /* Pods-Geofence.debug.xcconfig */;
			buildSettings = {
				ASSETCATALOG_COMPILER_APPICON_NAME = AppIcon;
				CODE_SIGN_STYLE = Automatic;
				DEVELOPMENT_TEAM = 746W754PFM;
				INFOPLIST_FILE = Geofence/Info.plist;
				IPHONEOS_DEPLOYMENT_TARGET = 11.0;
				LD_RUNPATH_SEARCH_PATHS = (
					"$(inherited)",
					"@executable_path/Frameworks",
				);
				PRODUCT_BUNDLE_IDENTIFIER = my.com.wayloon.Geofence;
				PRODUCT_NAME = "$(TARGET_NAME)";
				SWIFT_VERSION = 5.0;
				TARGETED_DEVICE_FAMILY = 1;
			};
			name = Debug;
		};
		011EEFAA2488BF6C00B64B91 /* Release */ = {
			isa = XCBuildConfiguration;
			baseConfigurationReference = C14876B6BEF20D55B145C590 /* Pods-Geofence.release.xcconfig */;
			buildSettings = {
				ASSETCATALOG_COMPILER_APPICON_NAME = AppIcon;
				CODE_SIGN_STYLE = Automatic;
				DEVELOPMENT_TEAM = 746W754PFM;
				INFOPLIST_FILE = Geofence/Info.plist;
				IPHONEOS_DEPLOYMENT_TARGET = 11.0;
				LD_RUNPATH_SEARCH_PATHS = (
					"$(inherited)",
					"@executable_path/Frameworks",
				);
				PRODUCT_BUNDLE_IDENTIFIER = my.com.wayloon.Geofence;
				PRODUCT_NAME = "$(TARGET_NAME)";
				SWIFT_VERSION = 5.0;
				TARGETED_DEVICE_FAMILY = 1;
			};
			name = Release;
		};
		0166DE5124891A7500C269CE /* Debug */ = {
			isa = XCBuildConfiguration;
			baseConfigurationReference = 38A7B19753CA376367C797AF /* Pods-GeofenceTests.debug.xcconfig */;
			buildSettings = {
				BUNDLE_LOADER = "$(TEST_HOST)";
				CODE_SIGN_STYLE = Automatic;
				DEVELOPMENT_TEAM = 746W754PFM;
				INFOPLIST_FILE = GeofenceTests/Info.plist;
				LD_RUNPATH_SEARCH_PATHS = (
					"$(inherited)",
					"@executable_path/Frameworks",
					"@loader_path/Frameworks",
				);
				PRODUCT_BUNDLE_IDENTIFIER = my.com.wayloon.GeofenceTests;
				PRODUCT_NAME = "$(TARGET_NAME)";
				SWIFT_VERSION = 5.0;
				TARGETED_DEVICE_FAMILY = "1,2";
				TEST_HOST = "$(BUILT_PRODUCTS_DIR)/Geofence.app/Geofence";
			};
			name = Debug;
		};
		0166DE5224891A7500C269CE /* Release */ = {
			isa = XCBuildConfiguration;
			baseConfigurationReference = FF9164E7B4CDAAB5D2A32491 /* Pods-GeofenceTests.release.xcconfig */;
			buildSettings = {
				BUNDLE_LOADER = "$(TEST_HOST)";
				CODE_SIGN_STYLE = Automatic;
				DEVELOPMENT_TEAM = 746W754PFM;
				INFOPLIST_FILE = GeofenceTests/Info.plist;
				LD_RUNPATH_SEARCH_PATHS = (
					"$(inherited)",
					"@executable_path/Frameworks",
					"@loader_path/Frameworks",
				);
				PRODUCT_BUNDLE_IDENTIFIER = my.com.wayloon.GeofenceTests;
				PRODUCT_NAME = "$(TARGET_NAME)";
				SWIFT_VERSION = 5.0;
				TARGETED_DEVICE_FAMILY = "1,2";
				TEST_HOST = "$(BUILT_PRODUCTS_DIR)/Geofence.app/Geofence";
			};
			name = Release;
		};
/* End XCBuildConfiguration section */

/* Begin XCConfigurationList section */
		011EEF8F2488BF6900B64B91 /* Build configuration list for PBXProject "Geofence" */ = {
			isa = XCConfigurationList;
			buildConfigurations = (
				011EEFA62488BF6C00B64B91 /* Debug */,
				011EEFA72488BF6C00B64B91 /* Release */,
			);
			defaultConfigurationIsVisible = 0;
			defaultConfigurationName = Release;
		};
		011EEFA82488BF6C00B64B91 /* Build configuration list for PBXNativeTarget "Geofence" */ = {
			isa = XCConfigurationList;
			buildConfigurations = (
				011EEFA92488BF6C00B64B91 /* Debug */,
				011EEFAA2488BF6C00B64B91 /* Release */,
			);
			defaultConfigurationIsVisible = 0;
			defaultConfigurationName = Release;
		};
		0166DE5324891A7500C269CE /* Build configuration list for PBXNativeTarget "GeofenceTests" */ = {
			isa = XCConfigurationList;
			buildConfigurations = (
				0166DE5124891A7500C269CE /* Debug */,
				0166DE5224891A7500C269CE /* Release */,
			);
			defaultConfigurationIsVisible = 0;
			defaultConfigurationName = Release;
		};
/* End XCConfigurationList section */
	};
	rootObject = 011EEF8C2488BF6900B64B91 /* Project object */;
}
